{
  "originHash" : "664ccad7dbc719c8dc1306f2da33dabd0d9440023a92419779b551de8b2bc7ae",
  "pins" : [
    {
      "identity" : "concentriconboarding",
      "kind" : "remoteSourceControl",
      "location" : "https://github.com/exyte/ConcentricOnboarding",
      "state" : {
        "revision" : "12d3b2abd946d30bfb3ceb1b4b30f124d80983e9",
        "version" : "1.0.6"
      }
    },
    {
      "identity" : "inject",
      "kind" : "remoteSourceControl",
      "location" : "https://github.com/krzysztofzablocki/Inject.git",
      "state" : {
        "revision" : "728c56639ecb3df441d51d5bc6747329afabcfc9",
        "version" : "1.5.2"
      }
    },
    {
      "identity" : "mcemojipicker",
      "kind" : "remoteSourceControl",
      "location" : "https://github.com/izyumkin/MCEmojiPicker",
      "state" : {
        "revision" : "e0b4903b75ae1cc418d276d84d1cb946b8a1d73c",
        "version" : "1.2.3"
      }
    }
  ],
  "version" : 3
}
